
Microsoft Visual Studio Solution File, Format Version 12.00
# Visual Studio 15
VisualStudioVersion = 15.0.27130.2027
MinimumVisualStudioVersion = 10.0.40219.1
Project("{FAE04EC0-301F-11D3-BF4B-00C04F79EFBC}") = "WebApplication1", "WebApplication1\WebApplication1.csproj", "{7FAF3FE5-5994-45BD-A689-DF35A8A5FCAF}"
EndProject
Global
	GlobalSection(SolutionConfigurationPlatforms) = preSolution
		Debug|Any CPU = Debug|Any CPU
		Release|Any CPU = Release|Any CPU
	EndGlobalSection
	GlobalSection(ProjectConfigurationPlatforms) = postSolution
		{7FAF3FE5-5994-45BD-A689-DF35A8A5FCAF}.Debug|Any CPU.ActiveCfg = Debug|Any CPU
		{7FAF3FE5-5994-45BD-A689-DF35A8A5FCAF}.Debug|Any CPU.Build.0 = Debug|Any CPU
		{7FAF3FE5-5994-45BD-A689-DF35A8A5FCAF}.Release|Any CPU.ActiveCfg = Release|Any CPU
		{7FAF3FE5-5994-45BD-A689-DF35A8A5FCAF}.Release|Any CPU.Build.0 = Release|Any CPU
	EndGlobalSection
	GlobalSection(SolutionProperties) = preSolution
		HideSolutionNode = FALSE
	EndGlobalSection
	GlobalSection(ExtensibilityGlobals) = postSolution
		SolutionGuid = {6D9451D5-EB9E-4521-A008-9678222925B9}
	EndGlobalSection
EndGlobal
